
Microsoft Visual Studio Solution File, Format Version 12.00
# Visual Studio Version 17
VisualStudioVersion = 17.11.35208.52
MinimumVisualStudioVersion = 10.0.40219.1
Project("{9A19103F-16F7-4668-BE54-9A1E7A4F7556}") = "RabbitMQConsumer", "..\RabbitMQConsumer\RabbitMQConsumer.csproj", "{AF36C148-ABCB-48D4-ADCD-0274A2CC4CB8}"
EndProject
Project("{9A19103F-16F7-4668-BE54-9A1E7A4F7556}") = "RabbitMQPublisher", "..\RabbitMQPublisher\RabbitMQPublisher.csproj", "{1C60EF7C-4A51-4126-8EAC-ACC3E756049E}"
EndProject
Project("{2150E333-8FDC-42A3-9474-1A3956D46DE8}") = "Solution Items", "Solution Items", "{11701C09-BD32-42F8-987C-52F6A227F572}"
	ProjectSection(SolutionItems) = preProject
		..\docker-compose.yml = ..\docker-compose.yml
	EndProjectSection
EndProject
Global
	GlobalSection(SolutionConfigurationPlatforms) = preSolution
		Debug|Any CPU = Debug|Any CPU
		Release|Any CPU = Release|Any CPU
	EndGlobalSection
	GlobalSection(ProjectConfigurationPlatforms) = postSolution
		{AF36C148-ABCB-48D4-ADCD-0274A2CC4CB8}.Debug|Any CPU.ActiveCfg = Debug|Any CPU
		{AF36C148-ABCB-48D4-ADCD-0274A2CC4CB8}.Debug|Any CPU.Build.0 = Debug|Any CPU
		{AF36C148-ABCB-48D4-ADCD-0274A2CC4CB8}.Release|Any CPU.ActiveCfg = Release|Any CPU
		{AF36C148-ABCB-48D4-ADCD-0274A2CC4CB8}.Release|Any CPU.Build.0 = Release|Any CPU
		{1C60EF7C-4A51-4126-8EAC-ACC3E756049E}.Debug|Any CPU.ActiveCfg = Debug|Any CPU
		{1C60EF7C-4A51-4126-8EAC-ACC3E756049E}.Debug|Any CPU.Build.0 = Debug|Any CPU
		{1C60EF7C-4A51-4126-8EAC-ACC3E756049E}.Release|Any CPU.ActiveCfg = Release|Any CPU
		{1C60EF7C-4A51-4126-8EAC-ACC3E756049E}.Release|Any CPU.Build.0 = Release|Any CPU
	EndGlobalSection
	GlobalSection(SolutionProperties) = preSolution
		HideSolutionNode = FALSE
	EndGlobalSection
	GlobalSection(ExtensibilityGlobals) = postSolution
		SolutionGuid = {7101265A-CBD7-4E8D-B391-666034B5E83A}
	EndGlobalSection
EndGlobal
